
Microsoft Visual Studio Solution File, Format Version 11.00
# Visual Studio 2010
Project("{FAE04EC0-301F-11D3-BF4B-00C04F79EFBC}") = "GuildedRose", "GuildedRose\GuildedRose.csproj", "{3A0635AB-2D5C-4D25-918E-5ED9ADAE1ED5}"
EndProject
Project("{FAE04EC0-301F-11D3-BF4B-00C04F79EFBC}") = "GuildedRose.Tests", "GuildedRose.Tests\GuildedRose.Tests.csproj", "{841A527A-765D-4E4B-B04F-CCBE7DF88B59}"
EndProject
Global
	GlobalSection(SolutionConfigurationPlatforms) = preSolution
		Debug|Any CPU = Debug|Any CPU
		Release|Any CPU = Release|Any CPU
	EndGlobalSection
	GlobalSection(ProjectConfigurationPlatforms) = postSolution
		{3A0635AB-2D5C-4D25-918E-5ED9ADAE1ED5}.Debug|Any CPU.ActiveCfg = Debug|Any CPU
		{3A0635AB-2D5C-4D25-918E-5ED9ADAE1ED5}.Debug|Any CPU.Build.0 = Debug|Any CPU
		{3A0635AB-2D5C-4D25-918E-5ED9ADAE1ED5}.Release|Any CPU.ActiveCfg = Release|Any CPU
		{3A0635AB-2D5C-4D25-918E-5ED9ADAE1ED5}.Release|Any CPU.Build.0 = Release|Any CPU
		{841A527A-765D-4E4B-B04F-CCBE7DF88B59}.Debug|Any CPU.ActiveCfg = Debug|Any CPU
		{841A527A-765D-4E4B-B04F-CCBE7DF88B59}.Debug|Any CPU.Build.0 = Debug|Any CPU
		{841A527A-765D-4E4B-B04F-CCBE7DF88B59}.Release|Any CPU.ActiveCfg = Release|Any CPU
		{841A527A-765D-4E4B-B04F-CCBE7DF88B59}.Release|Any CPU.Build.0 = Release|Any CPU
	EndGlobalSection
	GlobalSection(SolutionProperties) = preSolution
		HideSolutionNode = FALSE
	EndGlobalSection
EndGlobal
